{
  "name": "bard",
  "lockfileVersion": 3,
  "requires": true,
  "packages": {
    "": {
      "dependencies": {
        "@fontsource/rubik": "^5.2.8"
      }
    },
    "node_modules/@fontsource/rubik": {
      "version": "5.2.8",
      "resolved": "https://registry.npmjs.org/@fontsource/rubik/-/rubik-5.2.8.tgz",
      "integrity": "sha512-PIc8QR7FqWPcYhbdRiGff56vQlKqg/ytES1YqecSq1GkgxiH4TBshrFvDEOZ9JonUF9m1qQ+qXxJj7wD5zgXEw==",
      "license": "OFL-1.1",
      "funding": {
        "url": "https://github.com/sponsors/ayuhito"
      }
    }
  }
}
